
Microsoft Visual Studio Solution File, Format Version 12.00
# Visual Studio Version 16
VisualStudioVersion = 16.0.31424.327
MinimumVisualStudioVersion = 10.0.40219.1
Project("{FAE04EC0-301F-11D3-BF4B-00C04F79EFBC}") = "Nuevo", "Nuevo\Nuevo.csproj", "{BCCC6788-C913-4AC6-973E-8993964002F1}"
EndProject
Global
	GlobalSection(SolutionConfigurationPlatforms) = preSolution
		Debug|Any CPU = Debug|Any CPU
		Release|Any CPU = Release|Any CPU
	EndGlobalSection
	GlobalSection(ProjectConfigurationPlatforms) = postSolution
		{BCCC6788-C913-4AC6-973E-8993964002F1}.Debug|Any CPU.ActiveCfg = Debug|Any CPU
		{BCCC6788-C913-4AC6-973E-8993964002F1}.Debug|Any CPU.Build.0 = Debug|Any CPU
		{BCCC6788-C913-4AC6-973E-8993964002F1}.Release|Any CPU.ActiveCfg = Release|Any CPU
		{BCCC6788-C913-4AC6-973E-8993964002F1}.Release|Any CPU.Build.0 = Release|Any CPU
	EndGlobalSection
	GlobalSection(SolutionProperties) = preSolution
		HideSolutionNode = FALSE
	EndGlobalSection
	GlobalSection(ExtensibilityGlobals) = postSolution
		SolutionGuid = {E460C93F-7037-4412-A35C-4ED1C6E86DE8}
	EndGlobalSection
EndGlobal
